
Microsoft Visual Studio Solution File, Format Version 12.00
# Visual Studio 15
Project("{FAE04EC0-301F-11D3-BF4B-00C04F79EFBC}") = "AOC1", "AOC1\AOC1.csproj", "{AFB29603-640F-4A9E-A173-CDB594686D71}"
EndProject
Project("{FAE04EC0-301F-11D3-BF4B-00C04F79EFBC}") = "AOC1.Tests", "AOC1.Tests\AOC1.Tests.csproj", "{5A6DAE64-A4D2-4841-8B92-D04CAD6B0B57}"
EndProject
Project("{FAE04EC0-301F-11D3-BF4B-00C04F79EFBC}") = "AOC2", "AOC2\AOC2.csproj", "{59256CC4-CBCA-41A4-8B97-B93D0375C228}"
EndProject
Project("{FAE04EC0-301F-11D3-BF4B-00C04F79EFBC}") = "AOC2.Tests", "AOC.Tests\AOC2.Tests.csproj", "{901CC2AC-A1F8-4E9E-87D2-48BD92A90882}"
EndProject
Project("{FAE04EC0-301F-11D3-BF4B-00C04F79EFBC}") = "AOC3", "AOC3\AOC3.csproj", "{7AC7DFB2-F731-43F3-AF71-C63BB659B642}"
EndProject
Project("{FAE04EC0-301F-11D3-BF4B-00C04F79EFBC}") = "AOC3.Tests", "AOC3.Tests\AOC3.Tests.csproj", "{F6F0C56F-499D-4B9A-BBB9-002418570913}"
EndProject
Global
	GlobalSection(SolutionConfigurationPlatforms) = preSolution
		Debug|Any CPU = Debug|Any CPU
		Release|Any CPU = Release|Any CPU
	EndGlobalSection
	GlobalSection(ProjectConfigurationPlatforms) = postSolution
		{AFB29603-640F-4A9E-A173-CDB594686D71}.Debug|Any CPU.ActiveCfg = Debug|Any CPU
		{AFB29603-640F-4A9E-A173-CDB594686D71}.Debug|Any CPU.Build.0 = Debug|Any CPU
		{AFB29603-640F-4A9E-A173-CDB594686D71}.Release|Any CPU.ActiveCfg = Release|Any CPU
		{AFB29603-640F-4A9E-A173-CDB594686D71}.Release|Any CPU.Build.0 = Release|Any CPU
		{5A6DAE64-A4D2-4841-8B92-D04CAD6B0B57}.Debug|Any CPU.ActiveCfg = Debug|Any CPU
		{5A6DAE64-A4D2-4841-8B92-D04CAD6B0B57}.Debug|Any CPU.Build.0 = Debug|Any CPU
		{5A6DAE64-A4D2-4841-8B92-D04CAD6B0B57}.Release|Any CPU.ActiveCfg = Release|Any CPU
		{5A6DAE64-A4D2-4841-8B92-D04CAD6B0B57}.Release|Any CPU.Build.0 = Release|Any CPU
		{59256CC4-CBCA-41A4-8B97-B93D0375C228}.Debug|Any CPU.ActiveCfg = Debug|Any CPU
		{59256CC4-CBCA-41A4-8B97-B93D0375C228}.Debug|Any CPU.Build.0 = Debug|Any CPU
		{59256CC4-CBCA-41A4-8B97-B93D0375C228}.Release|Any CPU.ActiveCfg = Release|Any CPU
		{59256CC4-CBCA-41A4-8B97-B93D0375C228}.Release|Any CPU.Build.0 = Release|Any CPU
		{901CC2AC-A1F8-4E9E-87D2-48BD92A90882}.Debug|Any CPU.ActiveCfg = Debug|Any CPU
		{901CC2AC-A1F8-4E9E-87D2-48BD92A90882}.Debug|Any CPU.Build.0 = Debug|Any CPU
		{901CC2AC-A1F8-4E9E-87D2-48BD92A90882}.Release|Any CPU.ActiveCfg = Release|Any CPU
		{901CC2AC-A1F8-4E9E-87D2-48BD92A90882}.Release|Any CPU.Build.0 = Release|Any CPU
		{7AC7DFB2-F731-43F3-AF71-C63BB659B642}.Debug|Any CPU.ActiveCfg = Debug|Any CPU
		{7AC7DFB2-F731-43F3-AF71-C63BB659B642}.Debug|Any CPU.Build.0 = Debug|Any CPU
		{7AC7DFB2-F731-43F3-AF71-C63BB659B642}.Release|Any CPU.ActiveCfg = Release|Any CPU
		{7AC7DFB2-F731-43F3-AF71-C63BB659B642}.Release|Any CPU.Build.0 = Release|Any CPU
		{F6F0C56F-499D-4B9A-BBB9-002418570913}.Debug|Any CPU.ActiveCfg = Debug|Any CPU
		{F6F0C56F-499D-4B9A-BBB9-002418570913}.Debug|Any CPU.Build.0 = Debug|Any CPU
		{F6F0C56F-499D-4B9A-BBB9-002418570913}.Release|Any CPU.ActiveCfg = Release|Any CPU
		{F6F0C56F-499D-4B9A-BBB9-002418570913}.Release|Any CPU.Build.0 = Release|Any CPU
	EndGlobalSection
EndGlobal
