
Microsoft Visual Studio Solution File, Format Version 12.00
# Visual Studio 15
Project("{FAE04EC0-301F-11D3-BF4B-00C04F79EFBC}") = "AOC1", "AOC1\AOC1.csproj", "{AFB29603-640F-4A9E-A173-CDB594686D71}"
EndProject
Project("{FAE04EC0-301F-11D3-BF4B-00C04F79EFBC}") = "AOC1.Tests", "AOC1.Tests\AOC1.Tests.csproj", "{5A6DAE64-A4D2-4841-8B92-D04CAD6B0B57}"
EndProject
Project("{FAE04EC0-301F-11D3-BF4B-00C04F79EFBC}") = "AOC2", "AOC2\AOC2.csproj", "{59256CC4-CBCA-41A4-8B97-B93D0375C228}"
EndProject
Project("{FAE04EC0-301F-11D3-BF4B-00C04F79EFBC}") = "AOC2.Tests", "AOC.Tests\AOC2.Tests.csproj", "{901CC2AC-A1F8-4E9E-87D2-48BD92A90882}"
EndProject
Project("{FAE04EC0-301F-11D3-BF4B-00C04F79EFBC}") = "AOC3", "AOC3\AOC3.csproj", "{7AC7DFB2-F731-43F3-AF71-C63BB659B642}"
EndProject
Project("{FAE04EC0-301F-11D3-BF4B-00C04F79EFBC}") = "AOC3.Tests", "AOC3.Tests\AOC3.Tests.csproj", "{F6F0C56F-499D-4B9A-BBB9-002418570913}"
EndProject
Project("{FAE04EC0-301F-11D3-BF4B-00C04F79EFBC}") = "AOC4.Tests", "AOC4.Tests\AOC4.Tests.csproj", "{AF8AD4DE-6CC1-4CA5-A53D-71D9C423B8CF}"
EndProject
Project("{FAE04EC0-301F-11D3-BF4B-00C04F79EFBC}") = "AOC4", "AOC4\AOC4.csproj", "{BE4FE9E2-92DC-483A-B50F-12E70FD71FE7}"
EndProject
Project("{FAE04EC0-301F-11D3-BF4B-00C04F79EFBC}") = "AOC5", "AOC5\AOC5.csproj", "{04945E32-47C7-4109-B8BC-AC2B3CC99A83}"
EndProject
Project("{FAE04EC0-301F-11D3-BF4B-00C04F79EFBC}") = "AOC5.Tests", "AOC5.Tests\AOC5.Tests.csproj", "{ABFD366C-215A-4B23-A48B-DD87BF154D51}"
EndProject
Project("{FAE04EC0-301F-11D3-BF4B-00C04F79EFBC}") = "AOC6", "AOC6\AOC6.csproj", "{5B042855-A67E-42A8-9018-E80BD51DAEC6}"
EndProject
Project("{FAE04EC0-301F-11D3-BF4B-00C04F79EFBC}") = "AOC6.Tests", "AOC6.Tests\AOC6.Tests.csproj", "{D750BCE7-21A2-47AF-A627-40E0886C4B34}"
EndProject
Project("{FAE04EC0-301F-11D3-BF4B-00C04F79EFBC}") = "AOC7.Tests", "AOC7.Tests\AOC7.Tests.csproj", "{0DDD7415-74B3-4CD1-B13D-F6F41BAC6589}"
EndProject
Project("{FAE04EC0-301F-11D3-BF4B-00C04F79EFBC}") = "AOC7", "AOC7\AOC7.csproj", "{2B8C7682-E757-4268-8E9E-B1F6BA6FECB4}"
EndProject
Global
	GlobalSection(SolutionConfigurationPlatforms) = preSolution
		Debug|Any CPU = Debug|Any CPU
		Release|Any CPU = Release|Any CPU
	EndGlobalSection
	GlobalSection(ProjectConfigurationPlatforms) = postSolution
		{AFB29603-640F-4A9E-A173-CDB594686D71}.Debug|Any CPU.ActiveCfg = Debug|Any CPU
		{AFB29603-640F-4A9E-A173-CDB594686D71}.Debug|Any CPU.Build.0 = Debug|Any CPU
		{AFB29603-640F-4A9E-A173-CDB594686D71}.Release|Any CPU.ActiveCfg = Release|Any CPU
		{AFB29603-640F-4A9E-A173-CDB594686D71}.Release|Any CPU.Build.0 = Release|Any CPU
		{5A6DAE64-A4D2-4841-8B92-D04CAD6B0B57}.Debug|Any CPU.ActiveCfg = Debug|Any CPU
		{5A6DAE64-A4D2-4841-8B92-D04CAD6B0B57}.Debug|Any CPU.Build.0 = Debug|Any CPU
		{5A6DAE64-A4D2-4841-8B92-D04CAD6B0B57}.Release|Any CPU.ActiveCfg = Release|Any CPU
		{5A6DAE64-A4D2-4841-8B92-D04CAD6B0B57}.Release|Any CPU.Build.0 = Release|Any CPU
		{59256CC4-CBCA-41A4-8B97-B93D0375C228}.Debug|Any CPU.ActiveCfg = Debug|Any CPU
		{59256CC4-CBCA-41A4-8B97-B93D0375C228}.Debug|Any CPU.Build.0 = Debug|Any CPU
		{59256CC4-CBCA-41A4-8B97-B93D0375C228}.Release|Any CPU.ActiveCfg = Release|Any CPU
		{59256CC4-CBCA-41A4-8B97-B93D0375C228}.Release|Any CPU.Build.0 = Release|Any CPU
		{901CC2AC-A1F8-4E9E-87D2-48BD92A90882}.Debug|Any CPU.ActiveCfg = Debug|Any CPU
		{901CC2AC-A1F8-4E9E-87D2-48BD92A90882}.Debug|Any CPU.Build.0 = Debug|Any CPU
		{901CC2AC-A1F8-4E9E-87D2-48BD92A90882}.Release|Any CPU.ActiveCfg = Release|Any CPU
		{901CC2AC-A1F8-4E9E-87D2-48BD92A90882}.Release|Any CPU.Build.0 = Release|Any CPU
		{7AC7DFB2-F731-43F3-AF71-C63BB659B642}.Debug|Any CPU.ActiveCfg = Debug|Any CPU
		{7AC7DFB2-F731-43F3-AF71-C63BB659B642}.Debug|Any CPU.Build.0 = Debug|Any CPU
		{7AC7DFB2-F731-43F3-AF71-C63BB659B642}.Release|Any CPU.ActiveCfg = Release|Any CPU
		{7AC7DFB2-F731-43F3-AF71-C63BB659B642}.Release|Any CPU.Build.0 = Release|Any CPU
		{F6F0C56F-499D-4B9A-BBB9-002418570913}.Debug|Any CPU.ActiveCfg = Debug|Any CPU
		{F6F0C56F-499D-4B9A-BBB9-002418570913}.Debug|Any CPU.Build.0 = Debug|Any CPU
		{F6F0C56F-499D-4B9A-BBB9-002418570913}.Release|Any CPU.ActiveCfg = Release|Any CPU
		{F6F0C56F-499D-4B9A-BBB9-002418570913}.Release|Any CPU.Build.0 = Release|Any CPU
		{AF8AD4DE-6CC1-4CA5-A53D-71D9C423B8CF}.Debug|Any CPU.ActiveCfg = Debug|Any CPU
		{AF8AD4DE-6CC1-4CA5-A53D-71D9C423B8CF}.Debug|Any CPU.Build.0 = Debug|Any CPU
		{AF8AD4DE-6CC1-4CA5-A53D-71D9C423B8CF}.Release|Any CPU.ActiveCfg = Release|Any CPU
		{AF8AD4DE-6CC1-4CA5-A53D-71D9C423B8CF}.Release|Any CPU.Build.0 = Release|Any CPU
		{BE4FE9E2-92DC-483A-B50F-12E70FD71FE7}.Debug|Any CPU.ActiveCfg = Debug|Any CPU
		{BE4FE9E2-92DC-483A-B50F-12E70FD71FE7}.Debug|Any CPU.Build.0 = Debug|Any CPU
		{BE4FE9E2-92DC-483A-B50F-12E70FD71FE7}.Release|Any CPU.ActiveCfg = Release|Any CPU
		{BE4FE9E2-92DC-483A-B50F-12E70FD71FE7}.Release|Any CPU.Build.0 = Release|Any CPU
		{04945E32-47C7-4109-B8BC-AC2B3CC99A83}.Debug|Any CPU.ActiveCfg = Debug|Any CPU
		{04945E32-47C7-4109-B8BC-AC2B3CC99A83}.Debug|Any CPU.Build.0 = Debug|Any CPU
		{04945E32-47C7-4109-B8BC-AC2B3CC99A83}.Release|Any CPU.ActiveCfg = Release|Any CPU
		{04945E32-47C7-4109-B8BC-AC2B3CC99A83}.Release|Any CPU.Build.0 = Release|Any CPU
		{ABFD366C-215A-4B23-A48B-DD87BF154D51}.Debug|Any CPU.ActiveCfg = Debug|Any CPU
		{ABFD366C-215A-4B23-A48B-DD87BF154D51}.Debug|Any CPU.Build.0 = Debug|Any CPU
		{ABFD366C-215A-4B23-A48B-DD87BF154D51}.Release|Any CPU.ActiveCfg = Release|Any CPU
		{ABFD366C-215A-4B23-A48B-DD87BF154D51}.Release|Any CPU.Build.0 = Release|Any CPU
		{5B042855-A67E-42A8-9018-E80BD51DAEC6}.Debug|Any CPU.ActiveCfg = Debug|Any CPU
		{5B042855-A67E-42A8-9018-E80BD51DAEC6}.Debug|Any CPU.Build.0 = Debug|Any CPU
		{5B042855-A67E-42A8-9018-E80BD51DAEC6}.Release|Any CPU.ActiveCfg = Release|Any CPU
		{5B042855-A67E-42A8-9018-E80BD51DAEC6}.Release|Any CPU.Build.0 = Release|Any CPU
		{D750BCE7-21A2-47AF-A627-40E0886C4B34}.Debug|Any CPU.ActiveCfg = Debug|Any CPU
		{D750BCE7-21A2-47AF-A627-40E0886C4B34}.Debug|Any CPU.Build.0 = Debug|Any CPU
		{D750BCE7-21A2-47AF-A627-40E0886C4B34}.Release|Any CPU.ActiveCfg = Release|Any CPU
		{D750BCE7-21A2-47AF-A627-40E0886C4B34}.Release|Any CPU.Build.0 = Release|Any CPU
		{0DDD7415-74B3-4CD1-B13D-F6F41BAC6589}.Debug|Any CPU.ActiveCfg = Debug|Any CPU
		{0DDD7415-74B3-4CD1-B13D-F6F41BAC6589}.Debug|Any CPU.Build.0 = Debug|Any CPU
		{0DDD7415-74B3-4CD1-B13D-F6F41BAC6589}.Release|Any CPU.ActiveCfg = Release|Any CPU
		{0DDD7415-74B3-4CD1-B13D-F6F41BAC6589}.Release|Any CPU.Build.0 = Release|Any CPU
		{2B8C7682-E757-4268-8E9E-B1F6BA6FECB4}.Debug|Any CPU.ActiveCfg = Debug|Any CPU
		{2B8C7682-E757-4268-8E9E-B1F6BA6FECB4}.Debug|Any CPU.Build.0 = Debug|Any CPU
		{2B8C7682-E757-4268-8E9E-B1F6BA6FECB4}.Release|Any CPU.ActiveCfg = Release|Any CPU
		{2B8C7682-E757-4268-8E9E-B1F6BA6FECB4}.Release|Any CPU.Build.0 = Release|Any CPU
	EndGlobalSection
EndGlobal
